Microsoft Visual Studio Solution File, Format Version 12.00
# Visual Studio Version 16
VisualStudioVersion = 16.0.29728.190
MinimumVisualStudioVersion = 10.0.40219.1
Project("{2150E333-8FDC-42A3-9474-1A3956D46DE8}") = "Solution Items", "Solution Items", "{350A0B15-98C0-45E3-872B-4FEFB47AA37C}"
	ProjectSection(SolutionItems) = preProject
		.editorconfig = .editorconfig
	EndProjectSection
EndProject
Project("{8BC9CEB8-8B4A-11D0-8D11-00A0C91BC942}") = "Falcor", "Source\Falcor\Falcor.vcxproj", "{2C535635-E4C5-4098-A928-574F0E7CD5F9}"
EndProject
Project("{2150E333-8FDC-42A3-9474-1A3956D46DE8}") = "BuildScripts", "BuildScripts", "{0ABDD59E-937B-41FF-B78A-7F47CBCCA387}"
	ProjectSection(SolutionItems) = preProject
		Build\deploycommon.bat = Build\deploycommon.bat
		Build\deployproject.bat = Build\deployproject.bat
		Build\patchpropssheet.py = Build\patchpropssheet.py
		Build\prebuild.bat = Build\prebuild.bat
		Build\update_dependencies.bat = Build\update_dependencies.bat
	EndProjectSection
EndProject
Project("{8BC9CEB8-8B4A-11D0-8D11-00A0C91BC942}") = "Mogwai", "Source\Mogwai\Mogwai.vcxproj", "{204D1CBA-6D34-4EB7-9F78-A1369F8F0F49}"
EndProject
Project("{2150E333-8FDC-42A3-9474-1A3956D46DE8}") = "RenderPasses", "RenderPasses", "{D16038A7-B031-4181-B4A1-2C416C02330C}"
EndProject
Project("{8BC9CEB8-8B4A-11D0-8D11-00A0C91BC942}") = "TemporalDelayPass", "Source\RenderPasses\TemporalDelayPass\TemporalDelayPass.vcxproj", "{6B527E70-C2C6-4C87-BB7D-E1154F6A6FEF}"
EndProject
Project("{8BC9CEB8-8B4A-11D0-8D11-00A0C91BC942}") = "AccumulatePass", "Source\RenderPasses\AccumulatePass\AccumulatePass.vcxproj", "{081FD8DE-6C92-4CDC-84AD-C514F7E83F93}"
EndProject
Project("{8BC9CEB8-8B4A-11D0-8D11-00A0C91BC942}") = "BSDFViewer", "Source\RenderPasses\BSDFViewer\BSDFViewer.vcxproj", "{B219C161-94D2-4DCB-A75D-E6A0906F534D}"
EndProject
Project("{8BC9CEB8-8B4A-11D0-8D11-00A0C91BC942}") = "ErrorMeasurePass", "Source\RenderPasses\ErrorMeasurePass\ErrorMeasurePass.vcxproj", "{DAE949BD-2C44-40DA-A592-7CCAB00D4A7D}"
EndProject
Project("{8BC9CEB8-8B4A-11D0-8D11-00A0C91BC942}") = "GBuffer", "Source\RenderPasses\GBuffer\GBuffer.vcxproj", "{CA155B01-7528-4D81-B5CD-E801B4AA4027}"
EndProject
Project("{8BC9CEB8-8B4A-11D0-8D11-00A0C91BC942}") = "MinimalPathTracer", "Source\RenderPasses\MinimalPathTracer\MinimalPathTracer.vcxproj", "{FF7FE9B8-2ACE-4044-869D-A5C4EF8042D3}"
EndProject
Project("{8BC9CEB8-8B4A-11D0-8D11-00A0C91BC942}") = "PixelInspectorPass", "Source\RenderPasses\PixelInspectorPass\PixelInspectorPass.vcxproj", "{80DDDE59-A412-4E64-880A-6B52697C967B}"
EndProject
Project("{8BC9CEB8-8B4A-11D0-8D11-00A0C91BC942}") = "SVGFPass", "Source\RenderPasses\SVGFPass\SVGFPass.vcxproj", "{691F64DD-0941-49DE-B52E-949341192154}"
EndProject
Project("{8BC9CEB8-8B4A-11D0-8D11-00A0C91BC942}") = "SSAO", "Source\RenderPasses\SSAO\SSAO.vcxproj", "{6CC70B9F-CA56-4EF2-8075-A1BE0005DCF4}"
EndProject
Project("{8BC9CEB8-8B4A-11D0-8D11-00A0C91BC942}") = "Antialiasing", "Source\RenderPasses\Antialiasing\Antialiasing.vcxproj", "{8ECC586D-1F5E-46D4-82BB-28044E6D67A2}"
EndProject
Project("{8BC9CEB8-8B4A-11D0-8D11-00A0C91BC942}") = "CSM", "Source\RenderPasses\CSM\CSM.vcxproj", "{52CB6295-6163-49B8-B3B6-8A6140E0479D}"
EndProject
Project("{8BC9CEB8-8B4A-11D0-8D11-00A0C91BC942}") = "SkyBox", "Source\RenderPasses\SkyBox\SkyBox.vcxproj", "{C6EB0AC0-FF3B-474E-A453-44D84329D13A}"
EndProject
Project("{8BC9CEB8-8B4A-11D0-8D11-00A0C91BC942}") = "ToneMapper", "Source\RenderPasses\ToneMapper\ToneMapper.vcxproj", "{E58DB0ED-58CD-4724-91EA-99419084CB3A}"
EndProject
Project("{8BC9CEB8-8B4A-11D0-8D11-00A0C91BC942}") = "Utils", "Source\RenderPasses\Utils\Utils.vcxproj", "{BCA3CCD2-6118-4821-BF30-23B725B0C230}"
EndProject
Project("{8BC9CEB8-8B4A-11D0-8D11-00A0C91BC942}") = "BlitPass", "Source\RenderPasses\BlitPass\BlitPass.vcxproj", "{15770768-65FC-4889-A34B-3CC27CC452BC}"
EndProject
Project("{8BC9CEB8-8B4A-11D0-8D11-00A0C91BC942}") = "DepthPass", "Source\RenderPasses\DepthPass\DepthPass.vcxproj", "{730AA5B9-7DDB-40AF-A882-EB39B9D3AC7C}"
EndProject
Project("{8BC9CEB8-8B4A-11D0-8D11-00A0C91BC942}") = "ForwardLightingPass", "Source\RenderPasses\ForwardLightingPass\ForwardLightingPass.vcxproj", "{C028BF86-8F34-42C2-84DA-4CBE1CF783FE}"
EndProject
Project("{8BC9CEB8-8B4A-11D0-8D11-00A0C91BC942}") = "ImageLoader", "Source\RenderPasses\ImageLoader\ImageLoader.vcxproj", "{8CE33F5F-CFB9-4B25-9298-990DAE982991}"
EndProject
Project("{8BC9CEB8-8B4A-11D0-8D11-00A0C91BC942}") = "DebugPasses", "Source\RenderPasses\DebugPasses\DebugPasses.vcxproj", "{E92137D5-B374-4216-9A96-6AD67965B2EE}"
EndProject
Project("{8BC9CEB8-8B4A-11D0-8D11-00A0C91BC942}") = "PassLibraryTemplate", "Source\RenderPasses\PassLibraryTemplate\PassLibraryTemplate.vcxproj", "{E484AEEC-ED88-408E-ADA5-66DF6301D75B}"
EndProject
Project("{8BC9CEB8-8B4A-11D0-8D11-00A0C91BC942}") = "MegakernelPathTracer", "Source\RenderPasses\MegakernelPathTracer\MegakernelPathTracer.vcxproj", "{873F13CA-A9C7-47BA-857D-8848C5E7F07E}"
EndProject
Project("{8BC9CEB8-8B4A-11D0-8D11-00A0C91BC942}") = "WhittedRayTracer", "Source\RenderPasses\WhittedRayTracer\WhittedRayTracer.vcxproj", "{431C3127-E613-424C-B964-FB53DAA87789}"
EndProject
Project("{8BC9CEB8-8B4A-11D0-8D11-00A0C91BC942}") = "SceneWritePass", "Source\RenderPasses\SceneWritePass\SceneWritePass.vcxproj", "{A2CB8652-26CA-482A-B3C7-F5EE74FC3481}"
EndProject
Project("{8BC9CEB8-8B4A-11D0-8D11-00A0C91BC942}") = "RemoteRenderPass", "Source\RenderPasses\RemoteRenderPass\RemoteRenderPass.vcxproj", "{123F0D99-34D2-4A01-8AA1-6618DDEDE028}"
	ProjectSection(ProjectDependencies) = postProject
		{C6EB0AC0-FF3B-474E-A453-44D84329D13A} = {C6EB0AC0-FF3B-474E-A453-44D84329D13A}
	EndProjectSection
EndProject
Project("{8BC9CEB8-8B4A-11D0-8D11-00A0C91BC942}") = "SceneDebugger", "Source\RenderPasses\SceneDebugger\SceneDebugger.vcxproj", "{B1715F7A-6EFD-4910-B271-7423AB6961CB}"
EndProject
Project("{8BC9CEB8-8B4A-11D0-8D11-00A0C91BC942}") = "AdaptiveVRS", "Source\RenderPasses\AdaptiveVRS\AdaptiveVRS.vcxproj", "{E943EAF7-078A-4417-87D9-B63C77840596}"
EndProject
Project("{8BC9CEB8-8B4A-11D0-8D11-00A0C91BC942}") = "CapturePass", "Source\RenderPasses\CapturePass\CapturePass.vcxproj", "{B878C07F-6176-4355-9281-694158E80B30}"
EndProject
Project("{8BC9CEB8-8B4A-11D0-8D11-00A0C91BC942}") = "DeferredMultiresPass", "Source\RenderPasses\DeferredMultiresPass\DeferredMultiresPass.vcxproj", "{504D49B7-05AB-4EFB-954A-642A7A891350}"
EndProject
Project("{8BC9CEB8-8B4A-11D0-8D11-00A0C91BC942}") = "DeferredPass", "Source\RenderPasses\DeferredPass\DeferredPass.vcxproj", "{9C8C8DF2-6D73-403F-A5FD-74D549B925F1}"
EndProject
Project("{8BC9CEB8-8B4A-11D0-8D11-00A0C91BC942}") = "TemporalReproject", "Source\RenderPasses\TemporalReproject\TemporalReproject.vcxproj", "{7648A841-C026-4E44-B828-8A524FC4F133}"
EndProject
Project("{8BC9CEB8-8B4A-11D0-8D11-00A0C91BC942}") = "FakeInput", "Source\RenderPasses\FakeInput\FakeInput.vcxproj", "{DA1CB58C-D697-485A-B749-9136C975D4C2}"
EndProject
Project("{8BC9CEB8-8B4A-11D0-8D11-00A0C91BC942}") = "PredictMetric", "Source\RenderPasses\PredictMetric\PredictMetric.vcxproj", "{E7EDBE9C-4852-47FF-9D9C-11CF0F2CBE10}"
EndProject
Project("{8BC9CEB8-8B4A-11D0-8D11-00A0C91BC942}") = "Evaluator", "Source\RenderPasses\Evaluator\Evaluator.vcxproj", "{FA583C19-D561-4768-A3CD-1E8991294D1A}"
EndProject
Global
	GlobalSection(SolutionConfigurationPlatforms) = preSolution
		Debug|x64 = Debug|x64
		Debug|x86 = Debug|x86
		DebugD3D12|x64 = DebugD3D12|x64
		DebugD3D12|x86 = DebugD3D12|x86
		DebugVK|x64 = DebugVK|x64
		DebugVK|x86 = DebugVK|x86
		Release|x64 = Release|x64
		Release|x86 = Release|x86
		ReleaseD3D12|x64 = ReleaseD3D12|x64
		ReleaseD3D12|x86 = ReleaseD3D12|x86
	EndGlobalSection
	GlobalSection(ProjectConfigurationPlatforms) = postSolution
		{2C535635-E4C5-4098-A928-574F0E7CD5F9}.Debug|x64.ActiveCfg = DebugVK|x64
		{2C535635-E4C5-4098-A928-574F0E7CD5F9}.Debug|x64.Build.0 = DebugVK|x64
		{2C535635-E4C5-4098-A928-574F0E7CD5F9}.Debug|x86.ActiveCfg = ReleaseD3D12|x64
		{2C535635-E4C5-4098-A928-574F0E7CD5F9}.Debug|x86.Build.0 = ReleaseD3D12|x64
		{2C535635-E4C5-4098-A928-574F0E7CD5F9}.DebugD3D12|x64.ActiveCfg = DebugD3D12|x64
		{2C535635-E4C5-4098-A928-574F0E7CD5F9}.DebugD3D12|x64.Build.0 = DebugD3D12|x64
		{2C535635-E4C5-4098-A928-574F0E7CD5F9}.DebugD3D12|x86.ActiveCfg = DebugD3D12|x64
		{2C535635-E4C5-4098-A928-574F0E7CD5F9}.DebugVK|x64.ActiveCfg = DebugVK|x64
		{2C535635-E4C5-4098-A928-574F0E7CD5F9}.DebugVK|x64.Build.0 = DebugVK|x64
		{2C535635-E4C5-4098-A928-574F0E7CD5F9}.DebugVK|x86.ActiveCfg = DebugVK|x64
		{2C535635-E4C5-4098-A928-574F0E7CD5F9}.Release|x64.ActiveCfg = ReleaseVK|x64
		{2C535635-E4C5-4098-A928-574F0E7CD5F9}.Release|x64.Build.0 = ReleaseVK|x64
		{2C535635-E4C5-4098-A928-574F0E7CD5F9}.Release|x86.ActiveCfg = ReleaseD3D12|x64
		{2C535635-E4C5-4098-A928-574F0E7CD5F9}.Release|x86.Build.0 = ReleaseD3D12|x64
		{2C535635-E4C5-4098-A928-574F0E7CD5F9}.ReleaseD3D12|x64.ActiveCfg = ReleaseD3D12|x64
		{2C535635-E4C5-4098-A928-574F0E7CD5F9}.ReleaseD3D12|x64.Build.0 = ReleaseD3D12|x64
		{2C535635-E4C5-4098-A928-574F0E7CD5F9}.ReleaseD3D12|x86.ActiveCfg = ReleaseD3D12|x64
		{204D1CBA-6D34-4EB7-9F78-A1369F8F0F49}.Debug|x64.ActiveCfg = Debug|x64
		{204D1CBA-6D34-4EB7-9F78-A1369F8F0F49}.Debug|x64.Build.0 = Debug|x64
		{204D1CBA-6D34-4EB7-9F78-A1369F8F0F49}.Debug|x86.ActiveCfg = Debug|x64
		{204D1CBA-6D34-4EB7-9F78-A1369F8F0F49}.DebugD3D12|x64.ActiveCfg = Debug|x64
		{204D1CBA-6D34-4EB7-9F78-A1369F8F0F49}.DebugD3D12|x64.Build.0 = Debug|x64
		{204D1CBA-6D34-4EB7-9F78-A1369F8F0F49}.DebugD3D12|x86.ActiveCfg = Release|x64
		{204D1CBA-6D34-4EB7-9F78-A1369F8F0F49}.DebugD3D12|x86.Build.0 = Release|x64
		{204D1CBA-6D34-4EB7-9F78-A1369F8F0F49}.DebugVK|x64.ActiveCfg = DebugVK|x64
		{204D1CBA-6D34-4EB7-9F78-A1369F8F0F49}.DebugVK|x64.Build.0 = DebugVK|x64
		{204D1CBA-6D34-4EB7-9F78-A1369F8F0F49}.DebugVK|x86.ActiveCfg = DebugVK|x64
		{204D1CBA-6D34-4EB7-9F78-A1369F8F0F49}.Release|x64.ActiveCfg = Release|x64
		{204D1CBA-6D34-4EB7-9F78-A1369F8F0F49}.Release|x64.Build.0 = Release|x64
		{204D1CBA-6D34-4EB7-9F78-A1369F8F0F49}.Release|x86.ActiveCfg = Release|x64
		{204D1CBA-6D34-4EB7-9F78-A1369F8F0F49}.ReleaseD3D12|x64.ActiveCfg = Release|x64
		{204D1CBA-6D34-4EB7-9F78-A1369F8F0F49}.ReleaseD3D12|x64.Build.0 = Release|x64
		{204D1CBA-6D34-4EB7-9F78-A1369F8F0F49}.ReleaseD3D12|x86.ActiveCfg = Release|x64
		{204D1CBA-6D34-4EB7-9F78-A1369F8F0F49}.ReleaseD3D12|x86.Build.0 = Release|x64
		{6B527E70-C2C6-4C87-BB7D-E1154F6A6FEF}.Debug|x64.ActiveCfg = Debug|x64
		{6B527E70-C2C6-4C87-BB7D-E1154F6A6FEF}.Debug|x64.Build.0 = Debug|x64
		{6B527E70-C2C6-4C87-BB7D-E1154F6A6FEF}.Debug|x86.ActiveCfg = Debug|x64
		{6B527E70-C2C6-4C87-BB7D-E1154F6A6FEF}.DebugD3D12|x64.ActiveCfg = Debug|x64
		{6B527E70-C2C6-4C87-BB7D-E1154F6A6FEF}.DebugD3D12|x64.Build.0 = Debug|x64
		{6B527E70-C2C6-4C87-BB7D-E1154F6A6FEF}.DebugD3D12|x86.ActiveCfg = Release|x64
		{6B527E70-C2C6-4C87-BB7D-E1154F6A6FEF}.DebugD3D12|x86.Build.0 = Release|x64
		{6B527E70-C2C6-4C87-BB7D-E1154F6A6FEF}.DebugVK|x64.ActiveCfg = DebugVK|x64
		{6B527E70-C2C6-4C87-BB7D-E1154F6A6FEF}.DebugVK|x64.Build.0 = DebugVK|x64
		{6B527E70-C2C6-4C87-BB7D-E1154F6A6FEF}.DebugVK|x86.ActiveCfg = DebugVK|x64
		{6B527E70-C2C6-4C87-BB7D-E1154F6A6FEF}.Release|x64.ActiveCfg = Release|x64
		{6B527E70-C2C6-4C87-BB7D-E1154F6A6FEF}.Release|x64.Build.0 = Release|x64
		{6B527E70-C2C6-4C87-BB7D-E1154F6A6FEF}.Release|x86.ActiveCfg = Release|x64
		{6B527E70-C2C6-4C87-BB7D-E1154F6A6FEF}.ReleaseD3D12|x64.ActiveCfg = Release|x64
		{6B527E70-C2C6-4C87-BB7D-E1154F6A6FEF}.ReleaseD3D12|x64.Build.0 = Release|x64
		{6B527E70-C2C6-4C87-BB7D-E1154F6A6FEF}.ReleaseD3D12|x86.ActiveCfg = Release|x64
		{6B527E70-C2C6-4C87-BB7D-E1154F6A6FEF}.ReleaseD3D12|x86.Build.0 = Release|x64
		{081FD8DE-6C92-4CDC-84AD-C514F7E83F93}.Debug|x64.ActiveCfg = Debug|x64
		{081FD8DE-6C92-4CDC-84AD-C514F7E83F93}.Debug|x64.Build.0 = Debug|x64
		{081FD8DE-6C92-4CDC-84AD-C514F7E83F93}.Debug|x86.ActiveCfg = Debug|x64
		{081FD8DE-6C92-4CDC-84AD-C514F7E83F93}.DebugD3D12|x64.ActiveCfg = Debug|x64
		{081FD8DE-6C92-4CDC-84AD-C514F7E83F93}.DebugD3D12|x64.Build.0 = Debug|x64
		{081FD8DE-6C92-4CDC-84AD-C514F7E83F93}.DebugD3D12|x86.ActiveCfg = Release|x64
		{081FD8DE-6C92-4CDC-84AD-C514F7E83F93}.DebugD3D12|x86.Build.0 = Release|x64
		{081FD8DE-6C92-4CDC-84AD-C514F7E83F93}.DebugVK|x64.ActiveCfg = DebugVK|x64
		{081FD8DE-6C92-4CDC-84AD-C514F7E83F93}.DebugVK|x64.Build.0 = DebugVK|x64
		{081FD8DE-6C92-4CDC-84AD-C514F7E83F93}.DebugVK|x86.ActiveCfg = DebugVK|x64
		{081FD8DE-6C92-4CDC-84AD-C514F7E83F93}.Release|x64.ActiveCfg = Release|x64
		{081FD8DE-6C92-4CDC-84AD-C514F7E83F93}.Release|x64.Build.0 = Release|x64
		{081FD8DE-6C92-4CDC-84AD-C514F7E83F93}.Release|x86.ActiveCfg = Release|x64
		{081FD8DE-6C92-4CDC-84AD-C514F7E83F93}.ReleaseD3D12|x64.ActiveCfg = Release|x64
		{081FD8DE-6C92-4CDC-84AD-C514F7E83F93}.ReleaseD3D12|x64.Build.0 = Release|x64
		{081FD8DE-6C92-4CDC-84AD-C514F7E83F93}.ReleaseD3D12|x86.ActiveCfg = Release|x64
		{081FD8DE-6C92-4CDC-84AD-C514F7E83F93}.ReleaseD3D12|x86.Build.0 = Release|x64
		{B219C161-94D2-4DCB-A75D-E6A0906F534D}.Debug|x64.ActiveCfg = Debug|x64
		{B219C161-94D2-4DCB-A75D-E6A0906F534D}.Debug|x64.Build.0 = Debug|x64
		{B219C161-94D2-4DCB-A75D-E6A0906F534D}.Debug|x86.ActiveCfg = Debug|x64
		{B219C161-94D2-4DCB-A75D-E6A0906F534D}.DebugD3D12|x64.ActiveCfg = Debug|x64
		{B219C161-94D2-4DCB-A75D-E6A0906F534D}.DebugD3D12|x64.Build.0 = Debug|x64
		{B219C161-94D2-4DCB-A75D-E6A0906F534D}.DebugD3D12|x86.ActiveCfg = Release|x64
		{B219C161-94D2-4DCB-A75D-E6A0906F534D}.DebugD3D12|x86.Build.0 = Release|x64
		{B219C161-94D2-4DCB-A75D-E6A0906F534D}.DebugVK|x64.ActiveCfg = DebugVK|x64
		{B219C161-94D2-4DCB-A75D-E6A0906F534D}.DebugVK|x64.Build.0 = DebugVK|x64
		{B219C161-94D2-4DCB-A75D-E6A0906F534D}.DebugVK|x86.ActiveCfg = DebugVK|x64
		{B219C161-94D2-4DCB-A75D-E6A0906F534D}.Release|x64.ActiveCfg = Release|x64
		{B219C161-94D2-4DCB-A75D-E6A0906F534D}.Release|x64.Build.0 = Release|x64
		{B219C161-94D2-4DCB-A75D-E6A0906F534D}.Release|x86.ActiveCfg = Release|x64
		{B219C161-94D2-4DCB-A75D-E6A0906F534D}.ReleaseD3D12|x64.ActiveCfg = Release|x64
		{B219C161-94D2-4DCB-A75D-E6A0906F534D}.ReleaseD3D12|x64.Build.0 = Release|x64
		{B219C161-94D2-4DCB-A75D-E6A0906F534D}.ReleaseD3D12|x86.ActiveCfg = Release|x64
		{B219C161-94D2-4DCB-A75D-E6A0906F534D}.ReleaseD3D12|x86.Build.0 = Release|x64
		{DAE949BD-2C44-40DA-A592-7CCAB00D4A7D}.Debug|x64.ActiveCfg = Debug|x64
		{DAE949BD-2C44-40DA-A592-7CCAB00D4A7D}.Debug|x64.Build.0 = Debug|x64
		{DAE949BD-2C44-40DA-A592-7CCAB00D4A7D}.Debug|x86.ActiveCfg = Debug|x64
		{DAE949BD-2C44-40DA-A592-7CCAB00D4A7D}.DebugD3D12|x64.ActiveCfg = Debug|x64
		{DAE949BD-2C44-40DA-A592-7CCAB00D4A7D}.DebugD3D12|x64.Build.0 = Debug|x64
		{DAE949BD-2C44-40DA-A592-7CCAB00D4A7D}.DebugD3D12|x86.ActiveCfg = Release|x64
		{DAE949BD-2C44-40DA-A592-7CCAB00D4A7D}.DebugD3D12|x86.Build.0 = Release|x64
		{DAE949BD-2C44-40DA-A592-7CCAB00D4A7D}.DebugVK|x64.ActiveCfg = DebugVK|x64
		{DAE949BD-2C44-40DA-A592-7CCAB00D4A7D}.DebugVK|x64.Build.0 = DebugVK|x64
		{DAE949BD-2C44-40DA-A592-7CCAB00D4A7D}.DebugVK|x86.ActiveCfg = DebugVK|x64
		{DAE949BD-2C44-40DA-A592-7CCAB00D4A7D}.Release|x64.ActiveCfg = Release|x64
		{DAE949BD-2C44-40DA-A592-7CCAB00D4A7D}.Release|x64.Build.0 = Release|x64
		{DAE949BD-2C44-40DA-A592-7CCAB00D4A7D}.Release|x86.ActiveCfg = Release|x64
		{DAE949BD-2C44-40DA-A592-7CCAB00D4A7D}.ReleaseD3D12|x64.ActiveCfg = Release|x64
		{DAE949BD-2C44-40DA-A592-7CCAB00D4A7D}.ReleaseD3D12|x64.Build.0 = Release|x64
		{DAE949BD-2C44-40DA-A592-7CCAB00D4A7D}.ReleaseD3D12|x86.ActiveCfg = Release|x64
		{DAE949BD-2C44-40DA-A592-7CCAB00D4A7D}.ReleaseD3D12|x86.Build.0 = Release|x64
		{CA155B01-7528-4D81-B5CD-E801B4AA4027}.Debug|x64.ActiveCfg = Debug|x64
		{CA155B01-7528-4D81-B5CD-E801B4AA4027}.Debug|x64.Build.0 = Debug|x64
		{CA155B01-7528-4D81-B5CD-E801B4AA4027}.Debug|x86.ActiveCfg = Debug|x64
		{CA155B01-7528-4D81-B5CD-E801B4AA4027}.DebugD3D12|x64.ActiveCfg = Debug|x64
		{CA155B01-7528-4D81-B5CD-E801B4AA4027}.DebugD3D12|x64.Build.0 = Debug|x64
		{CA155B01-7528-4D81-B5CD-E801B4AA4027}.DebugD3D12|x86.ActiveCfg = Release|x64
		{CA155B01-7528-4D81-B5CD-E801B4AA4027}.DebugD3D12|x86.Build.0 = Release|x64
		{CA155B01-7528-4D81-B5CD-E801B4AA4027}.DebugVK|x64.ActiveCfg = DebugVK|x64
		{CA155B01-7528-4D81-B5CD-E801B4AA4027}.DebugVK|x64.Build.0 = DebugVK|x64
		{CA155B01-7528-4D81-B5CD-E801B4AA4027}.DebugVK|x86.ActiveCfg = DebugVK|x64
		{CA155B01-7528-4D81-B5CD-E801B4AA4027}.Release|x64.ActiveCfg = Release|x64
		{CA155B01-7528-4D81-B5CD-E801B4AA4027}.Release|x64.Build.0 = Release|x64
		{CA155B01-7528-4D81-B5CD-E801B4AA4027}.Release|x86.ActiveCfg = Release|x64
		{CA155B01-7528-4D81-B5CD-E801B4AA4027}.ReleaseD3D12|x64.ActiveCfg = Release|x64
		{CA155B01-7528-4D81-B5CD-E801B4AA4027}.ReleaseD3D12|x64.Build.0 = Release|x64
		{CA155B01-7528-4D81-B5CD-E801B4AA4027}.ReleaseD3D12|x86.ActiveCfg = Release|x64
		{CA155B01-7528-4D81-B5CD-E801B4AA4027}.ReleaseD3D12|x86.Build.0 = Release|x64
		{FF7FE9B8-2ACE-4044-869D-A5C4EF8042D3}.Debug|x64.ActiveCfg = Debug|x64
		{FF7FE9B8-2ACE-4044-869D-A5C4EF8042D3}.Debug|x64.Build.0 = Debug|x64
		{FF7FE9B8-2ACE-4044-869D-A5C4EF8042D3}.Debug|x86.ActiveCfg = Debug|x64
		{FF7FE9B8-2ACE-4044-869D-A5C4EF8042D3}.DebugD3D12|x64.ActiveCfg = Debug|x64
		{FF7FE9B8-2ACE-4044-869D-A5C4EF8042D3}.DebugD3D12|x64.Build.0 = Debug|x64
		{FF7FE9B8-2ACE-4044-869D-A5C4EF8042D3}.DebugD3D12|x86.ActiveCfg = Release|x64
		{FF7FE9B8-2ACE-4044-869D-A5C4EF8042D3}.DebugD3D12|x86.Build.0 = Release|x64
		{FF7FE9B8-2ACE-4044-869D-A5C4EF8042D3}.DebugVK|x64.ActiveCfg = DebugVK|x64
		{FF7FE9B8-2ACE-4044-869D-A5C4EF8042D3}.DebugVK|x64.Build.0 = DebugVK|x64
		{FF7FE9B8-2ACE-4044-869D-A5C4EF8042D3}.DebugVK|x86.ActiveCfg = DebugVK|x64
		{FF7FE9B8-2ACE-4044-869D-A5C4EF8042D3}.Release|x64.ActiveCfg = Release|x64
		{FF7FE9B8-2ACE-4044-869D-A5C4EF8042D3}.Release|x64.Build.0 = Release|x64
		{FF7FE9B8-2ACE-4044-869D-A5C4EF8042D3}.Release|x86.ActiveCfg = Release|x64
		{FF7FE9B8-2ACE-4044-869D-A5C4EF8042D3}.ReleaseD3D12|x64.ActiveCfg = Release|x64
		{FF7FE9B8-2ACE-4044-869D-A5C4EF8042D3}.ReleaseD3D12|x64.Build.0 = Release|x64
		{FF7FE9B8-2ACE-4044-869D-A5C4EF8042D3}.ReleaseD3D12|x86.ActiveCfg = Release|x64
		{FF7FE9B8-2ACE-4044-869D-A5C4EF8042D3}.ReleaseD3D12|x86.Build.0 = Release|x64
		{80DDDE59-A412-4E64-880A-6B52697C967B}.Debug|x64.ActiveCfg = Debug|x64
		{80DDDE59-A412-4E64-880A-6B52697C967B}.Debug|x64.Build.0 = Debug|x64
		{80DDDE59-A412-4E64-880A-6B52697C967B}.Debug|x86.ActiveCfg = Debug|x64
		{80DDDE59-A412-4E64-880A-6B52697C967B}.DebugD3D12|x64.ActiveCfg = Debug|x64
		{80DDDE59-A412-4E64-880A-6B52697C967B}.DebugD3D12|x64.Build.0 = Debug|x64
		{80DDDE59-A412-4E64-880A-6B52697C967B}.DebugD3D12|x86.ActiveCfg = Release|x64
		{80DDDE59-A412-4E64-880A-6B52697C967B}.DebugD3D12|x86.Build.0 = Release|x64
		{80DDDE59-A412-4E64-880A-6B52697C967B}.DebugVK|x64.ActiveCfg = DebugVK|x64
		{80DDDE59-A412-4E64-880A-6B52697C967B}.DebugVK|x64.Build.0 = DebugVK|x64
		{80DDDE59-A412-4E64-880A-6B52697C967B}.DebugVK|x86.ActiveCfg = DebugVK|x64
		{80DDDE59-A412-4E64-880A-6B52697C967B}.Release|x64.ActiveCfg = Release|x64
		{80DDDE59-A412-4E64-880A-6B52697C967B}.Release|x64.Build.0 = Release|x64
		{80DDDE59-A412-4E64-880A-6B52697C967B}.Release|x86.ActiveCfg = Release|x64
		{80DDDE59-A412-4E64-880A-6B52697C967B}.ReleaseD3D12|x64.ActiveCfg = Release|x64
		{80DDDE59-A412-4E64-880A-6B52697C967B}.ReleaseD3D12|x64.Build.0 = Release|x64
		{80DDDE59-A412-4E64-880A-6B52697C967B}.ReleaseD3D12|x86.ActiveCfg = Release|x64
		{80DDDE59-A412-4E64-880A-6B52697C967B}.ReleaseD3D12|x86.Build.0 = Release|x64
		{691F64DD-0941-49DE-B52E-949341192154}.Debug|x64.ActiveCfg = Debug|x64
		{691F64DD-0941-49DE-B52E-949341192154}.Debug|x64.Build.0 = Debug|x64
		{691F64DD-0941-49DE-B52E-949341192154}.Debug|x86.ActiveCfg = Debug|x64
		{691F64DD-0941-49DE-B52E-949341192154}.DebugD3D12|x64.ActiveCfg = Debug|x64
		{691F64DD-0941-49DE-B52E-949341192154}.DebugD3D12|x64.Build.0 = Debug|x64
		{691F64DD-0941-49DE-B52E-949341192154}.DebugD3D12|x86.ActiveCfg = Release|x64
		{691F64DD-0941-49DE-B52E-949341192154}.DebugD3D12|x86.Build.0 = Release|x64
		{691F64DD-0941-49DE-B52E-949341192154}.DebugVK|x64.ActiveCfg = DebugVK|x64
		{691F64DD-0941-49DE-B52E-949341192154}.DebugVK|x64.Build.0 = DebugVK|x64
		{691F64DD-0941-49DE-B52E-949341192154}.DebugVK|x86.ActiveCfg = DebugVK|x64
		{691F64DD-0941-49DE-B52E-949341192154}.Release|x64.ActiveCfg = Release|x64
		{691F64DD-0941-49DE-B52E-949341192154}.Release|x64.Build.0 = Release|x64
		{691F64DD-0941-49DE-B52E-949341192154}.Release|x86.ActiveCfg = Release|x64
		{691F64DD-0941-49DE-B52E-949341192154}.ReleaseD3D12|x64.ActiveCfg = Release|x64
		{691F64DD-0941-49DE-B52E-949341192154}.ReleaseD3D12|x64.Build.0 = Release|x64
		{691F64DD-0941-49DE-B52E-949341192154}.ReleaseD3D12|x86.ActiveCfg = Release|x64
		{691F64DD-0941-49DE-B52E-949341192154}.ReleaseD3D12|x86.Build.0 = Release|x64
		{6CC70B9F-CA56-4EF2-8075-A1BE0005DCF4}.Debug|x64.ActiveCfg = Debug|x64
		{6CC70B9F-CA56-4EF2-8075-A1BE0005DCF4}.Debug|x64.Build.0 = Debug|x64
		{6CC70B9F-CA56-4EF2-8075-A1BE0005DCF4}.Debug|x86.ActiveCfg = Debug|x64
		{6CC70B9F-CA56-4EF2-8075-A1BE0005DCF4}.DebugD3D12|x64.ActiveCfg = Debug|x64
		{6CC70B9F-CA56-4EF2-8075-A1BE0005DCF4}.DebugD3D12|x64.Build.0 = Debug|x64
		{6CC70B9F-CA56-4EF2-8075-A1BE0005DCF4}.DebugD3D12|x86.ActiveCfg = Release|x64
		{6CC70B9F-CA56-4EF2-8075-A1BE0005DCF4}.DebugD3D12|x86.Build.0 = Release|x64
		{6CC70B9F-CA56-4EF2-8075-A1BE0005DCF4}.DebugVK|x64.ActiveCfg = DebugVK|x64
		{6CC70B9F-CA56-4EF2-8075-A1BE0005DCF4}.DebugVK|x64.Build.0 = DebugVK|x64
		{6CC70B9F-CA56-4EF2-8075-A1BE0005DCF4}.DebugVK|x86.ActiveCfg = DebugVK|x64
		{6CC70B9F-CA56-4EF2-8075-A1BE0005DCF4}.Release|x64.ActiveCfg = Release|x64
		{6CC70B9F-CA56-4EF2-8075-A1BE0005DCF4}.Release|x64.Build.0 = Release|x64
		{6CC70B9F-CA56-4EF2-8075-A1BE0005DCF4}.Release|x86.ActiveCfg = Release|x64
		{6CC70B9F-CA56-4EF2-8075-A1BE0005DCF4}.ReleaseD3D12|x64.ActiveCfg = Release|x64
		{6CC70B9F-CA56-4EF2-8075-A1BE0005DCF4}.ReleaseD3D12|x64.Build.0 = Release|x64
		{6CC70B9F-CA56-4EF2-8075-A1BE0005DCF4}.ReleaseD3D12|x86.ActiveCfg = Release|x64
		{6CC70B9F-CA56-4EF2-8075-A1BE0005DCF4}.ReleaseD3D12|x86.Build.0 = Release|x64
		{8ECC586D-1F5E-46D4-82BB-28044E6D67A2}.Debug|x64.ActiveCfg = Debug|x64
		{8ECC586D-1F5E-46D4-82BB-28044E6D67A2}.Debug|x64.Build.0 = Debug|x64
		{8ECC586D-1F5E-46D4-82BB-28044E6D67A2}.Debug|x86.ActiveCfg = Debug|x64
		{8ECC586D-1F5E-46D4-82BB-28044E6D67A2}.DebugD3D12|x64.ActiveCfg = Debug|x64
		{8ECC586D-1F5E-46D4-82BB-28044E6D67A2}.DebugD3D12|x64.Build.0 = Debug|x64
		{8ECC586D-1F5E-46D4-82BB-28044E6D67A2}.DebugD3D12|x86.ActiveCfg = Release|x64
		{8ECC586D-1F5E-46D4-82BB-28044E6D67A2}.DebugD3D12|x86.Build.0 = Release|x64
		{8ECC586D-1F5E-46D4-82BB-28044E6D67A2}.DebugVK|x64.ActiveCfg = DebugVK|x64
		{8ECC586D-1F5E-46D4-82BB-28044E6D67A2}.DebugVK|x64.Build.0 = DebugVK|x64
		{8ECC586D-1F5E-46D4-82BB-28044E6D67A2}.DebugVK|x86.ActiveCfg = DebugVK|x64
		{8ECC586D-1F5E-46D4-82BB-28044E6D67A2}.Release|x64.ActiveCfg = Release|x64
		{8ECC586D-1F5E-46D4-82BB-28044E6D67A2}.Release|x64.Build.0 = Release|x64
		{8ECC586D-1F5E-46D4-82BB-28044E6D67A2}.Release|x86.ActiveCfg = Release|x64
		{8ECC586D-1F5E-46D4-82BB-28044E6D67A2}.ReleaseD3D12|x64.ActiveCfg = Release|x64
		{8ECC586D-1F5E-46D4-82BB-28044E6D67A2}.ReleaseD3D12|x64.Build.0 = Release|x64
		{8ECC586D-1F5E-46D4-82BB-28044E6D67A2}.ReleaseD3D12|x86.ActiveCfg = Release|x64
		{8ECC586D-1F5E-46D4-82BB-28044E6D67A2}.ReleaseD3D12|x86.Build.0 = Release|x64
		{52CB6295-6163-49B8-B3B6-8A6140E0479D}.Debug|x64.ActiveCfg = Debug|x64
		{52CB6295-6163-49B8-B3B6-8A6140E0479D}.Debug|x64.Build.0 = Debug|x64
		{52CB6295-6163-49B8-B3B6-8A6140E0479D}.Debug|x86.ActiveCfg = Debug|x64
		{52CB6295-6163-49B8-B3B6-8A6140E0479D}.DebugD3D12|x64.ActiveCfg = Debug|x64
		{52CB6295-6163-49B8-B3B6-8A6140E0479D}.DebugD3D12|x64.Build.0 = Debug|x64
		{52CB6295-6163-49B8-B3B6-8A6140E0479D}.DebugD3D12|x86.ActiveCfg = Release|x64
		{52CB6295-6163-49B8-B3B6-8A6140E0479D}.DebugD3D12|x86.Build.0 = Release|x64
		{52CB6295-6163-49B8-B3B6-8A6140E0479D}.DebugVK|x64.ActiveCfg = DebugVK|x64
		{52CB6295-6163-49B8-B3B6-8A6140E0479D}.DebugVK|x64.Build.0 = DebugVK|x64
		{52CB6295-6163-49B8-B3B6-8A6140E0479D}.DebugVK|x86.ActiveCfg = DebugVK|x64
		{52CB6295-6163-49B8-B3B6-8A6140E0479D}.Release|x64.ActiveCfg = Release|x64
		{52CB6295-6163-49B8-B3B6-8A6140E0479D}.Release|x64.Build.0 = Release|x64
		{52CB6295-6163-49B8-B3B6-8A6140E0479D}.Release|x86.ActiveCfg = Release|x64
		{52CB6295-6163-49B8-B3B6-8A6140E0479D}.ReleaseD3D12|x64.ActiveCfg = Release|x64
		{52CB6295-6163-49B8-B3B6-8A6140E0479D}.ReleaseD3D12|x64.Build.0 = Release|x64
		{52CB6295-6163-49B8-B3B6-8A6140E0479D}.ReleaseD3D12|x86.ActiveCfg = Release|x64
		{52CB6295-6163-49B8-B3B6-8A6140E0479D}.ReleaseD3D12|x86.Build.0 = Release|x64
		{C6EB0AC0-FF3B-474E-A453-44D84329D13A}.Debug|x64.ActiveCfg = Debug|x64
		{C6EB0AC0-FF3B-474E-A453-44D84329D13A}.Debug|x64.Build.0 = Debug|x64
		{C6EB0AC0-FF3B-474E-A453-44D84329D13A}.Debug|x86.ActiveCfg = Debug|x64
		{C6EB0AC0-FF3B-474E-A453-44D84329D13A}.DebugD3D12|x64.ActiveCfg = Debug|x64
		{C6EB0AC0-FF3B-474E-A453-44D84329D13A}.DebugD3D12|x64.Build.0 = Debug|x64
		{C6EB0AC0-FF3B-474E-A453-44D84329D13A}.DebugD3D12|x86.ActiveCfg = Release|x64
		{C6EB0AC0-FF3B-474E-A453-44D84329D13A}.DebugD3D12|x86.Build.0 = Release|x64
		{C6EB0AC0-FF3B-474E-A453-44D84329D13A}.DebugVK|x64.ActiveCfg = DebugVK|x64
		{C6EB0AC0-FF3B-474E-A453-44D84329D13A}.DebugVK|x64.Build.0 = DebugVK|x64
		{C6EB0AC0-FF3B-474E-A453-44D84329D13A}.DebugVK|x86.ActiveCfg = DebugVK|x64
		{C6EB0AC0-FF3B-474E-A453-44D84329D13A}.Release|x64.ActiveCfg = Release|x64
		{C6EB0AC0-FF3B-474E-A453-44D84329D13A}.Release|x64.Build.0 = Release|x64
		{C6EB0AC0-FF3B-474E-A453-44D84329D13A}.Release|x86.ActiveCfg = Release|x64
		{C6EB0AC0-FF3B-474E-A453-44D84329D13A}.ReleaseD3D12|x64.ActiveCfg = Release|x64
		{C6EB0AC0-FF3B-474E-A453-44D84329D13A}.ReleaseD3D12|x64.Build.0 = Release|x64
		{C6EB0AC0-FF3B-474E-A453-44D84329D13A}.ReleaseD3D12|x86.ActiveCfg = Release|x64
		{C6EB0AC0-FF3B-474E-A453-44D84329D13A}.ReleaseD3D12|x86.Build.0 = Release|x64
		{E58DB0ED-58CD-4724-91EA-99419084CB3A}.Debug|x64.ActiveCfg = Debug|x64
		{E58DB0ED-58CD-4724-91EA-99419084CB3A}.Debug|x64.Build.0 = Debug|x64
		{E58DB0ED-58CD-4724-91EA-99419084CB3A}.Debug|x86.ActiveCfg = Debug|x64
		{E58DB0ED-58CD-4724-91EA-99419084CB3A}.DebugD3D12|x64.ActiveCfg = Debug|x64
		{E58DB0ED-58CD-4724-91EA-99419084CB3A}.DebugD3D12|x64.Build.0 = Debug|x64
		{E58DB0ED-58CD-4724-91EA-99419084CB3A}.DebugD3D12|x86.ActiveCfg = Release|x64
		{E58DB0ED-58CD-4724-91EA-99419084CB3A}.DebugD3D12|x86.Build.0 = Release|x64
		{E58DB0ED-58CD-4724-91EA-99419084CB3A}.DebugVK|x64.ActiveCfg = DebugVK|x64
		{E58DB0ED-58CD-4724-91EA-99419084CB3A}.DebugVK|x64.Build.0 = DebugVK|x64
		{E58DB0ED-58CD-4724-91EA-99419084CB3A}.DebugVK|x86.ActiveCfg = DebugVK|x64
		{E58DB0ED-58CD-4724-91EA-99419084CB3A}.Release|x64.ActiveCfg = Release|x64
		{E58DB0ED-58CD-4724-91EA-99419084CB3A}.Release|x64.Build.0 = Release|x64
		{E58DB0ED-58CD-4724-91EA-99419084CB3A}.Release|x86.ActiveCfg = Release|x64
		{E58DB0ED-58CD-4724-91EA-99419084CB3A}.ReleaseD3D12|x64.ActiveCfg = Release|x64
		{E58DB0ED-58CD-4724-91EA-99419084CB3A}.ReleaseD3D12|x64.Build.0 = Release|x64
		{E58DB0ED-58CD-4724-91EA-99419084CB3A}.ReleaseD3D12|x86.ActiveCfg = Release|x64
		{E58DB0ED-58CD-4724-91EA-99419084CB3A}.ReleaseD3D12|x86.Build.0 = Release|x64
		{BCA3CCD2-6118-4821-BF30-23B725B0C230}.Debug|x64.ActiveCfg = Debug|x64
		{BCA3CCD2-6118-4821-BF30-23B725B0C230}.Debug|x64.Build.0 = Debug|x64
		{BCA3CCD2-6118-4821-BF30-23B725B0C230}.Debug|x86.ActiveCfg = Debug|x64
		{BCA3CCD2-6118-4821-BF30-23B725B0C230}.DebugD3D12|x64.ActiveCfg = Debug|x64
		{BCA3CCD2-6118-4821-BF30-23B725B0C230}.DebugD3D12|x64.Build.0 = Debug|x64
		{BCA3CCD2-6118-4821-BF30-23B725B0C230}.DebugD3D12|x86.ActiveCfg = Release|x64
		{BCA3CCD2-6118-4821-BF30-23B725B0C230}.DebugD3D12|x86.Build.0 = Release|x64
		{BCA3CCD2-6118-4821-BF30-23B725B0C230}.DebugVK|x64.ActiveCfg = DebugVK|x64
		{BCA3CCD2-6118-4821-BF30-23B725B0C230}.DebugVK|x64.Build.0 = DebugVK|x64
		{BCA3CCD2-6118-4821-BF30-23B725B0C230}.DebugVK|x86.ActiveCfg = DebugVK|x64
		{BCA3CCD2-6118-4821-BF30-23B725B0C230}.Release|x64.ActiveCfg = Release|x64
		{BCA3CCD2-6118-4821-BF30-23B725B0C230}.Release|x64.Build.0 = Release|x64
		{BCA3CCD2-6118-4821-BF30-23B725B0C230}.Release|x86.ActiveCfg = Release|x64
		{BCA3CCD2-6118-4821-BF30-23B725B0C230}.ReleaseD3D12|x64.ActiveCfg = Release|x64
		{BCA3CCD2-6118-4821-BF30-23B725B0C230}.ReleaseD3D12|x64.Build.0 = Release|x64
		{BCA3CCD2-6118-4821-BF30-23B725B0C230}.ReleaseD3D12|x86.ActiveCfg = Release|x64
		{BCA3CCD2-6118-4821-BF30-23B725B0C230}.ReleaseD3D12|x86.Build.0 = Release|x64
		{15770768-65FC-4889-A34B-3CC27CC452BC}.Debug|x64.ActiveCfg = Debug|x64
		{15770768-65FC-4889-A34B-3CC27CC452BC}.Debug|x64.Build.0 = Debug|x64
		{15770768-65FC-4889-A34B-3CC27CC452BC}.Debug|x86.ActiveCfg = Debug|x64
		{15770768-65FC-4889-A34B-3CC27CC452BC}.DebugD3D12|x64.ActiveCfg = Debug|x64
		{15770768-65FC-4889-A34B-3CC27CC452BC}.DebugD3D12|x64.Build.0 = Debug|x64
		{15770768-65FC-4889-A34B-3CC27CC452BC}.DebugD3D12|x86.ActiveCfg = Release|x64
		{15770768-65FC-4889-A34B-3CC27CC452BC}.DebugD3D12|x86.Build.0 = Release|x64
		{15770768-65FC-4889-A34B-3CC27CC452BC}.DebugVK|x64.ActiveCfg = DebugVK|x64
		{15770768-65FC-4889-A34B-3CC27CC452BC}.DebugVK|x64.Build.0 = DebugVK|x64
		{15770768-65FC-4889-A34B-3CC27CC452BC}.DebugVK|x86.ActiveCfg = DebugVK|x64
		{15770768-65FC-4889-A34B-3CC27CC452BC}.Release|x64.ActiveCfg = Release|x64
		{15770768-65FC-4889-A34B-3CC27CC452BC}.Release|x64.Build.0 = Release|x64
		{15770768-65FC-4889-A34B-3CC27CC452BC}.Release|x86.ActiveCfg = Release|x64
		{15770768-65FC-4889-A34B-3CC27CC452BC}.ReleaseD3D12|x64.ActiveCfg = Release|x64
		{15770768-65FC-4889-A34B-3CC27CC452BC}.ReleaseD3D12|x64.Build.0 = Release|x64
		{15770768-65FC-4889-A34B-3CC27CC452BC}.ReleaseD3D12|x86.ActiveCfg = Release|x64
		{15770768-65FC-4889-A34B-3CC27CC452BC}.ReleaseD3D12|x86.Build.0 = Release|x64
		{730AA5B9-7DDB-40AF-A882-EB39B9D3AC7C}.Debug|x64.ActiveCfg = Debug|x64
		{730AA5B9-7DDB-40AF-A882-EB39B9D3AC7C}.Debug|x64.Build.0 = Debug|x64
		{730AA5B9-7DDB-40AF-A882-EB39B9D3AC7C}.Debug|x86.ActiveCfg = Debug|x64
		{730AA5B9-7DDB-40AF-A882-EB39B9D3AC7C}.DebugD3D12|x64.ActiveCfg = Debug|x64
		{730AA5B9-7DDB-40AF-A882-EB39B9D3AC7C}.DebugD3D12|x64.Build.0 = Debug|x64
		{730AA5B9-7DDB-40AF-A882-EB39B9D3AC7C}.DebugD3D12|x86.ActiveCfg = Release|x64
		{730AA5B9-7DDB-40AF-A882-EB39B9D3AC7C}.DebugD3D12|x86.Build.0 = Release|x64
		{730AA5B9-7DDB-40AF-A882-EB39B9D3AC7C}.DebugVK|x64.ActiveCfg = DebugVK|x64
		{730AA5B9-7DDB-40AF-A882-EB39B9D3AC7C}.DebugVK|x64.Build.0 = DebugVK|x64
		{730AA5B9-7DDB-40AF-A882-EB39B9D3AC7C}.DebugVK|x86.ActiveCfg = DebugVK|x64
		{730AA5B9-7DDB-40AF-A882-EB39B9D3AC7C}.Release|x64.ActiveCfg = Release|x64
		{730AA5B9-7DDB-40AF-A882-EB39B9D3AC7C}.Release|x64.Build.0 = Release|x64
		{730AA5B9-7DDB-40AF-A882-EB39B9D3AC7C}.Release|x86.ActiveCfg = Release|x64
		{730AA5B9-7DDB-40AF-A882-EB39B9D3AC7C}.ReleaseD3D12|x64.ActiveCfg = Release|x64
		{730AA5B9-7DDB-40AF-A882-EB39B9D3AC7C}.ReleaseD3D12|x64.Build.0 = Release|x64
		{730AA5B9-7DDB-40AF-A882-EB39B9D3AC7C}.ReleaseD3D12|x86.ActiveCfg = Release|x64
		{730AA5B9-7DDB-40AF-A882-EB39B9D3AC7C}.ReleaseD3D12|x86.Build.0 = Release|x64
		{C028BF86-8F34-42C2-84DA-4CBE1CF783FE}.Debug|x64.ActiveCfg = Debug|x64
		{C028BF86-8F34-42C2-84DA-4CBE1CF783FE}.Debug|x64.Build.0 = Debug|x64
		{C028BF86-8F34-42C2-84DA-4CBE1CF783FE}.Debug|x86.ActiveCfg = Debug|x64
		{C028BF86-8F34-42C2-84DA-4CBE1CF783FE}.DebugD3D12|x64.ActiveCfg = Debug|x64
		{C028BF86-8F34-42C2-84DA-4CBE1CF783FE}.DebugD3D12|x64.Build.0 = Debug|x64
		{C028BF86-8F34-42C2-84DA-4CBE1CF783FE}.DebugD3D12|x86.ActiveCfg = Release|x64
		{C028BF86-8F34-42C2-84DA-4CBE1CF783FE}.DebugD3D12|x86.Build.0 = Release|x64
		{C028BF86-8F34-42C2-84DA-4CBE1CF783FE}.DebugVK|x64.ActiveCfg = DebugVK|x64
		{C028BF86-8F34-42C2-84DA-4CBE1CF783FE}.DebugVK|x64.Build.0 = DebugVK|x64
		{C028BF86-8F34-42C2-84DA-4CBE1CF783FE}.DebugVK|x86.ActiveCfg = DebugVK|x64
		{C028BF86-8F34-42C2-84DA-4CBE1CF783FE}.Release|x64.ActiveCfg = Release|x64
		{C028BF86-8F34-42C2-84DA-4CBE1CF783FE}.Release|x64.Build.0 = Release|x64
		{C028BF86-8F34-42C2-84DA-4CBE1CF783FE}.Release|x86.ActiveCfg = Release|x64
		{C028BF86-8F34-42C2-84DA-4CBE1CF783FE}.ReleaseD3D12|x64.ActiveCfg = Release|x64
		{C028BF86-8F34-42C2-84DA-4CBE1CF783FE}.ReleaseD3D12|x64.Build.0 = Release|x64
		{C028BF86-8F34-42C2-84DA-4CBE1CF783FE}.ReleaseD3D12|x86.ActiveCfg = Release|x64
		{C028BF86-8F34-42C2-84DA-4CBE1CF783FE}.ReleaseD3D12|x86.Build.0 = Release|x64
		{8CE33F5F-CFB9-4B25-9298-990DAE982991}.Debug|x64.ActiveCfg = Debug|x64
		{8CE33F5F-CFB9-4B25-9298-990DAE982991}.Debug|x64.Build.0 = Debug|x64
		{8CE33F5F-CFB9-4B25-9298-990DAE982991}.Debug|x86.ActiveCfg = Debug|x64
		{8CE33F5F-CFB9-4B25-9298-990DAE982991}.DebugD3D12|x64.ActiveCfg = Debug|x64
		{8CE33F5F-CFB9-4B25-9298-990DAE982991}.DebugD3D12|x64.Build.0 = Debug|x64
		{8CE33F5F-CFB9-4B25-9298-990DAE982991}.DebugD3D12|x86.ActiveCfg = Release|x64
		{8CE33F5F-CFB9-4B25-9298-990DAE982991}.DebugD3D12|x86.Build.0 = Release|x64
		{8CE33F5F-CFB9-4B25-9298-990DAE982991}.DebugVK|x64.ActiveCfg = DebugVK|x64
		{8CE33F5F-CFB9-4B25-9298-990DAE982991}.DebugVK|x64.Build.0 = DebugVK|x64
		{8CE33F5F-CFB9-4B25-9298-990DAE982991}.DebugVK|x86.ActiveCfg = DebugVK|x64
		{8CE33F5F-CFB9-4B25-9298-990DAE982991}.Release|x64.ActiveCfg = Release|x64
		{8CE33F5F-CFB9-4B25-9298-990DAE982991}.Release|x64.Build.0 = Release|x64
		{8CE33F5F-CFB9-4B25-9298-990DAE982991}.Release|x86.ActiveCfg = Release|x64
		{8CE33F5F-CFB9-4B25-9298-990DAE982991}.ReleaseD3D12|x64.ActiveCfg = Release|x64
		{8CE33F5F-CFB9-4B25-9298-990DAE982991}.ReleaseD3D12|x64.Build.0 = Release|x64
		{8CE33F5F-CFB9-4B25-9298-990DAE982991}.ReleaseD3D12|x86.ActiveCfg = Release|x64
		{8CE33F5F-CFB9-4B25-9298-990DAE982991}.ReleaseD3D12|x86.Build.0 = Release|x64
		{E92137D5-B374-4216-9A96-6AD67965B2EE}.Debug|x64.ActiveCfg = Debug|x64
		{E92137D5-B374-4216-9A96-6AD67965B2EE}.Debug|x64.Build.0 = Debug|x64
		{E92137D5-B374-4216-9A96-6AD67965B2EE}.Debug|x86.ActiveCfg = Debug|x64
		{E92137D5-B374-4216-9A96-6AD67965B2EE}.DebugD3D12|x64.ActiveCfg = Debug|x64
		{E92137D5-B374-4216-9A96-6AD67965B2EE}.DebugD3D12|x64.Build.0 = Debug|x64
		{E92137D5-B374-4216-9A96-6AD67965B2EE}.DebugD3D12|x86.ActiveCfg = Release|x64
		{E92137D5-B374-4216-9A96-6AD67965B2EE}.DebugD3D12|x86.Build.0 = Release|x64
		{E92137D5-B374-4216-9A96-6AD67965B2EE}.DebugVK|x64.ActiveCfg = DebugVK|x64
		{E92137D5-B374-4216-9A96-6AD67965B2EE}.DebugVK|x64.Build.0 = DebugVK|x64
		{E92137D5-B374-4216-9A96-6AD67965B2EE}.DebugVK|x86.ActiveCfg = DebugVK|x64
		{E92137D5-B374-4216-9A96-6AD67965B2EE}.Release|x64.ActiveCfg = Release|x64
		{E92137D5-B374-4216-9A96-6AD67965B2EE}.Release|x64.Build.0 = Release|x64
		{E92137D5-B374-4216-9A96-6AD67965B2EE}.Release|x86.ActiveCfg = Release|x64
		{E92137D5-B374-4216-9A96-6AD67965B2EE}.ReleaseD3D12|x64.ActiveCfg = Release|x64
		{E92137D5-B374-4216-9A96-6AD67965B2EE}.ReleaseD3D12|x64.Build.0 = Release|x64
		{E92137D5-B374-4216-9A96-6AD67965B2EE}.ReleaseD3D12|x86.ActiveCfg = Release|x64
		{E92137D5-B374-4216-9A96-6AD67965B2EE}.ReleaseD3D12|x86.Build.0 = Release|x64
		{E484AEEC-ED88-408E-ADA5-66DF6301D75B}.Debug|x64.ActiveCfg = Debug|x64
		{E484AEEC-ED88-408E-ADA5-66DF6301D75B}.Debug|x64.Build.0 = Debug|x64
		{E484AEEC-ED88-408E-ADA5-66DF6301D75B}.Debug|x86.ActiveCfg = Debug|x64
		{E484AEEC-ED88-408E-ADA5-66DF6301D75B}.DebugD3D12|x64.ActiveCfg = Debug|x64
		{E484AEEC-ED88-408E-ADA5-66DF6301D75B}.DebugD3D12|x64.Build.0 = Debug|x64
		{E484AEEC-ED88-408E-ADA5-66DF6301D75B}.DebugD3D12|x86.ActiveCfg = Release|x64
		{E484AEEC-ED88-408E-ADA5-66DF6301D75B}.DebugD3D12|x86.Build.0 = Release|x64
		{E484AEEC-ED88-408E-ADA5-66DF6301D75B}.DebugVK|x64.ActiveCfg = DebugVK|x64
		{E484AEEC-ED88-408E-ADA5-66DF6301D75B}.DebugVK|x64.Build.0 = DebugVK|x64
		{E484AEEC-ED88-408E-ADA5-66DF6301D75B}.DebugVK|x86.ActiveCfg = DebugVK|x64
		{E484AEEC-ED88-408E-ADA5-66DF6301D75B}.Release|x64.ActiveCfg = Release|x64
		{E484AEEC-ED88-408E-ADA5-66DF6301D75B}.Release|x64.Build.0 = Release|x64
		{E484AEEC-ED88-408E-ADA5-66DF6301D75B}.Release|x86.ActiveCfg = Release|x64
		{E484AEEC-ED88-408E-ADA5-66DF6301D75B}.ReleaseD3D12|x64.ActiveCfg = Release|x64
		{E484AEEC-ED88-408E-ADA5-66DF6301D75B}.ReleaseD3D12|x64.Build.0 = Release|x64
		{E484AEEC-ED88-408E-ADA5-66DF6301D75B}.ReleaseD3D12|x86.ActiveCfg = Release|x64
		{E484AEEC-ED88-408E-ADA5-66DF6301D75B}.ReleaseD3D12|x86.Build.0 = Release|x64
		{873F13CA-A9C7-47BA-857D-8848C5E7F07E}.Debug|x64.ActiveCfg = Debug|x64
		{873F13CA-A9C7-47BA-857D-8848C5E7F07E}.Debug|x64.Build.0 = Debug|x64
		{873F13CA-A9C7-47BA-857D-8848C5E7F07E}.Debug|x86.ActiveCfg = Debug|x64
		{873F13CA-A9C7-47BA-857D-8848C5E7F07E}.DebugD3D12|x64.ActiveCfg = Debug|x64
		{873F13CA-A9C7-47BA-857D-8848C5E7F07E}.DebugD3D12|x64.Build.0 = Debug|x64
		{873F13CA-A9C7-47BA-857D-8848C5E7F07E}.DebugD3D12|x86.ActiveCfg = Release|x64
		{873F13CA-A9C7-47BA-857D-8848C5E7F07E}.DebugD3D12|x86.Build.0 = Release|x64
		{873F13CA-A9C7-47BA-857D-8848C5E7F07E}.DebugVK|x64.ActiveCfg = DebugVK|x64
		{873F13CA-A9C7-47BA-857D-8848C5E7F07E}.DebugVK|x64.Build.0 = DebugVK|x64
		{873F13CA-A9C7-47BA-857D-8848C5E7F07E}.DebugVK|x86.ActiveCfg = DebugVK|x64
		{873F13CA-A9C7-47BA-857D-8848C5E7F07E}.Release|x64.ActiveCfg = Release|x64
		{873F13CA-A9C7-47BA-857D-8848C5E7F07E}.Release|x64.Build.0 = Release|x64
		{873F13CA-A9C7-47BA-857D-8848C5E7F07E}.Release|x86.ActiveCfg = Release|x64
		{873F13CA-A9C7-47BA-857D-8848C5E7F07E}.ReleaseD3D12|x64.ActiveCfg = Release|x64
		{873F13CA-A9C7-47BA-857D-8848C5E7F07E}.ReleaseD3D12|x64.Build.0 = Release|x64
		{873F13CA-A9C7-47BA-857D-8848C5E7F07E}.ReleaseD3D12|x86.ActiveCfg = Release|x64
		{873F13CA-A9C7-47BA-857D-8848C5E7F07E}.ReleaseD3D12|x86.Build.0 = Release|x64
		{431C3127-E613-424C-B964-FB53DAA87789}.Debug|x64.ActiveCfg = Debug|x64
		{431C3127-E613-424C-B964-FB53DAA87789}.Debug|x64.Build.0 = Debug|x64
		{431C3127-E613-424C-B964-FB53DAA87789}.Debug|x86.ActiveCfg = Debug|x64
		{431C3127-E613-424C-B964-FB53DAA87789}.DebugD3D12|x64.ActiveCfg = Debug|x64
		{431C3127-E613-424C-B964-FB53DAA87789}.DebugD3D12|x64.Build.0 = Debug|x64
		{431C3127-E613-424C-B964-FB53DAA87789}.DebugD3D12|x86.ActiveCfg = Release|x64
		{431C3127-E613-424C-B964-FB53DAA87789}.DebugD3D12|x86.Build.0 = Release|x64
		{431C3127-E613-424C-B964-FB53DAA87789}.DebugVK|x64.ActiveCfg = DebugVK|x64
		{431C3127-E613-424C-B964-FB53DAA87789}.DebugVK|x64.Build.0 = DebugVK|x64
		{431C3127-E613-424C-B964-FB53DAA87789}.DebugVK|x86.ActiveCfg = DebugVK|x64
		{431C3127-E613-424C-B964-FB53DAA87789}.Release|x64.ActiveCfg = Release|x64
		{431C3127-E613-424C-B964-FB53DAA87789}.Release|x64.Build.0 = Release|x64
		{431C3127-E613-424C-B964-FB53DAA87789}.Release|x86.ActiveCfg = Release|x64
		{431C3127-E613-424C-B964-FB53DAA87789}.ReleaseD3D12|x64.ActiveCfg = Release|x64
		{431C3127-E613-424C-B964-FB53DAA87789}.ReleaseD3D12|x64.Build.0 = Release|x64
		{431C3127-E613-424C-B964-FB53DAA87789}.ReleaseD3D12|x86.ActiveCfg = Release|x64
		{431C3127-E613-424C-B964-FB53DAA87789}.ReleaseD3D12|x86.Build.0 = Release|x64
		{A2CB8652-26CA-482A-B3C7-F5EE74FC3481}.Debug|x64.ActiveCfg = Debug|x64
		{A2CB8652-26CA-482A-B3C7-F5EE74FC3481}.Debug|x64.Build.0 = Debug|x64
		{A2CB8652-26CA-482A-B3C7-F5EE74FC3481}.Debug|x86.ActiveCfg = Debug|x64
		{A2CB8652-26CA-482A-B3C7-F5EE74FC3481}.DebugD3D12|x64.ActiveCfg = Debug|x64
		{A2CB8652-26CA-482A-B3C7-F5EE74FC3481}.DebugD3D12|x64.Build.0 = Debug|x64
		{A2CB8652-26CA-482A-B3C7-F5EE74FC3481}.DebugD3D12|x86.ActiveCfg = Release|x64
		{A2CB8652-26CA-482A-B3C7-F5EE74FC3481}.DebugD3D12|x86.Build.0 = Release|x64
		{A2CB8652-26CA-482A-B3C7-F5EE74FC3481}.DebugVK|x64.ActiveCfg = DebugVK|x64
		{A2CB8652-26CA-482A-B3C7-F5EE74FC3481}.DebugVK|x64.Build.0 = DebugVK|x64
		{A2CB8652-26CA-482A-B3C7-F5EE74FC3481}.DebugVK|x86.ActiveCfg = DebugVK|x64
		{A2CB8652-26CA-482A-B3C7-F5EE74FC3481}.Release|x64.ActiveCfg = Release|x64
		{A2CB8652-26CA-482A-B3C7-F5EE74FC3481}.Release|x64.Build.0 = Release|x64
		{A2CB8652-26CA-482A-B3C7-F5EE74FC3481}.Release|x86.ActiveCfg = Release|x64
		{A2CB8652-26CA-482A-B3C7-F5EE74FC3481}.ReleaseD3D12|x64.ActiveCfg = Release|x64
		{A2CB8652-26CA-482A-B3C7-F5EE74FC3481}.ReleaseD3D12|x64.Build.0 = Release|x64
		{A2CB8652-26CA-482A-B3C7-F5EE74FC3481}.ReleaseD3D12|x86.ActiveCfg = Release|x64
		{A2CB8652-26CA-482A-B3C7-F5EE74FC3481}.ReleaseD3D12|x86.Build.0 = Release|x64
		{123F0D99-34D2-4A01-8AA1-6618DDEDE028}.Debug|x64.ActiveCfg = Debug|x64
		{123F0D99-34D2-4A01-8AA1-6618DDEDE028}.Debug|x64.Build.0 = Debug|x64
		{123F0D99-34D2-4A01-8AA1-6618DDEDE028}.Debug|x86.ActiveCfg = Debug|x64
		{123F0D99-34D2-4A01-8AA1-6618DDEDE028}.DebugD3D12|x64.ActiveCfg = Debug|x64
		{123F0D99-34D2-4A01-8AA1-6618DDEDE028}.DebugD3D12|x64.Build.0 = Debug|x64
		{123F0D99-34D2-4A01-8AA1-6618DDEDE028}.DebugD3D12|x86.ActiveCfg = Release|x64
		{123F0D99-34D2-4A01-8AA1-6618DDEDE028}.DebugD3D12|x86.Build.0 = Release|x64
		{123F0D99-34D2-4A01-8AA1-6618DDEDE028}.DebugVK|x64.ActiveCfg = DebugVK|x64
		{123F0D99-34D2-4A01-8AA1-6618DDEDE028}.DebugVK|x64.Build.0 = DebugVK|x64
		{123F0D99-34D2-4A01-8AA1-6618DDEDE028}.DebugVK|x86.ActiveCfg = DebugVK|x64
		{123F0D99-34D2-4A01-8AA1-6618DDEDE028}.Release|x64.ActiveCfg = Release|x64
		{123F0D99-34D2-4A01-8AA1-6618DDEDE028}.Release|x64.Build.0 = Release|x64
		{123F0D99-34D2-4A01-8AA1-6618DDEDE028}.Release|x86.ActiveCfg = Release|x64
		{123F0D99-34D2-4A01-8AA1-6618DDEDE028}.ReleaseD3D12|x64.ActiveCfg = Release|x64
		{123F0D99-34D2-4A01-8AA1-6618DDEDE028}.ReleaseD3D12|x64.Build.0 = Release|x64
		{123F0D99-34D2-4A01-8AA1-6618DDEDE028}.ReleaseD3D12|x86.ActiveCfg = Release|x64
		{123F0D99-34D2-4A01-8AA1-6618DDEDE028}.ReleaseD3D12|x86.Build.0 = Release|x64
		{B1715F7A-6EFD-4910-B271-7423AB6961CB}.Debug|x64.ActiveCfg = Debug|x64
		{B1715F7A-6EFD-4910-B271-7423AB6961CB}.Debug|x64.Build.0 = Debug|x64
		{B1715F7A-6EFD-4910-B271-7423AB6961CB}.Debug|x86.ActiveCfg = Debug|x64
		{B1715F7A-6EFD-4910-B271-7423AB6961CB}.DebugD3D12|x64.ActiveCfg = Debug|x64
		{B1715F7A-6EFD-4910-B271-7423AB6961CB}.DebugD3D12|x64.Build.0 = Debug|x64
		{B1715F7A-6EFD-4910-B271-7423AB6961CB}.DebugD3D12|x86.ActiveCfg = Release|x64
		{B1715F7A-6EFD-4910-B271-7423AB6961CB}.DebugD3D12|x86.Build.0 = Release|x64
		{B1715F7A-6EFD-4910-B271-7423AB6961CB}.DebugVK|x64.ActiveCfg = Debug|x64
		{B1715F7A-6EFD-4910-B271-7423AB6961CB}.DebugVK|x64.Build.0 = Debug|x64
		{B1715F7A-6EFD-4910-B271-7423AB6961CB}.DebugVK|x86.ActiveCfg = Release|x64
		{B1715F7A-6EFD-4910-B271-7423AB6961CB}.DebugVK|x86.Build.0 = Release|x64
		{B1715F7A-6EFD-4910-B271-7423AB6961CB}.Release|x64.ActiveCfg = Release|x64
		{B1715F7A-6EFD-4910-B271-7423AB6961CB}.Release|x64.Build.0 = Release|x64
		{B1715F7A-6EFD-4910-B271-7423AB6961CB}.Release|x86.ActiveCfg = Release|x64
		{B1715F7A-6EFD-4910-B271-7423AB6961CB}.ReleaseD3D12|x64.ActiveCfg = Release|x64
		{B1715F7A-6EFD-4910-B271-7423AB6961CB}.ReleaseD3D12|x64.Build.0 = Release|x64
		{B1715F7A-6EFD-4910-B271-7423AB6961CB}.ReleaseD3D12|x86.ActiveCfg = Release|x64
		{B1715F7A-6EFD-4910-B271-7423AB6961CB}.ReleaseD3D12|x86.Build.0 = Release|x64
		{E943EAF7-078A-4417-87D9-B63C77840596}.Debug|x64.ActiveCfg = Debug|x64
		{E943EAF7-078A-4417-87D9-B63C77840596}.Debug|x64.Build.0 = Debug|x64
		{E943EAF7-078A-4417-87D9-B63C77840596}.Debug|x86.ActiveCfg = Debug|x64
		{E943EAF7-078A-4417-87D9-B63C77840596}.DebugD3D12|x64.ActiveCfg = Debug|x64
		{E943EAF7-078A-4417-87D9-B63C77840596}.DebugD3D12|x64.Build.0 = Debug|x64
		{E943EAF7-078A-4417-87D9-B63C77840596}.DebugD3D12|x86.ActiveCfg = Release|x64
		{E943EAF7-078A-4417-87D9-B63C77840596}.DebugD3D12|x86.Build.0 = Release|x64
		{E943EAF7-078A-4417-87D9-B63C77840596}.DebugVK|x64.ActiveCfg = Debug|x64
		{E943EAF7-078A-4417-87D9-B63C77840596}.DebugVK|x64.Build.0 = Debug|x64
		{E943EAF7-078A-4417-87D9-B63C77840596}.DebugVK|x86.ActiveCfg = Release|x64
		{E943EAF7-078A-4417-87D9-B63C77840596}.DebugVK|x86.Build.0 = Release|x64
		{E943EAF7-078A-4417-87D9-B63C77840596}.Release|x64.ActiveCfg = Release|x64
		{E943EAF7-078A-4417-87D9-B63C77840596}.Release|x64.Build.0 = Release|x64
		{E943EAF7-078A-4417-87D9-B63C77840596}.Release|x86.ActiveCfg = Release|x64
		{E943EAF7-078A-4417-87D9-B63C77840596}.ReleaseD3D12|x64.ActiveCfg = Release|x64
		{E943EAF7-078A-4417-87D9-B63C77840596}.ReleaseD3D12|x64.Build.0 = Release|x64
		{E943EAF7-078A-4417-87D9-B63C77840596}.ReleaseD3D12|x86.ActiveCfg = Release|x64
		{E943EAF7-078A-4417-87D9-B63C77840596}.ReleaseD3D12|x86.Build.0 = Release|x64
		{B878C07F-6176-4355-9281-694158E80B30}.Debug|x64.ActiveCfg = Debug|x64
		{B878C07F-6176-4355-9281-694158E80B30}.Debug|x64.Build.0 = Debug|x64
		{B878C07F-6176-4355-9281-694158E80B30}.Debug|x86.ActiveCfg = Debug|x64
		{B878C07F-6176-4355-9281-694158E80B30}.DebugD3D12|x64.ActiveCfg = Debug|x64
		{B878C07F-6176-4355-9281-694158E80B30}.DebugD3D12|x64.Build.0 = Debug|x64
		{B878C07F-6176-4355-9281-694158E80B30}.DebugD3D12|x86.ActiveCfg = Release|x64
		{B878C07F-6176-4355-9281-694158E80B30}.DebugD3D12|x86.Build.0 = Release|x64
		{B878C07F-6176-4355-9281-694158E80B30}.DebugVK|x64.ActiveCfg = Debug|x64
		{B878C07F-6176-4355-9281-694158E80B30}.DebugVK|x64.Build.0 = Debug|x64
		{B878C07F-6176-4355-9281-694158E80B30}.DebugVK|x86.ActiveCfg = Release|x64
		{B878C07F-6176-4355-9281-694158E80B30}.DebugVK|x86.Build.0 = Release|x64
		{B878C07F-6176-4355-9281-694158E80B30}.Release|x64.ActiveCfg = Release|x64
		{B878C07F-6176-4355-9281-694158E80B30}.Release|x64.Build.0 = Release|x64
		{B878C07F-6176-4355-9281-694158E80B30}.Release|x86.ActiveCfg = Release|x64
		{B878C07F-6176-4355-9281-694158E80B30}.ReleaseD3D12|x64.ActiveCfg = Release|x64
		{B878C07F-6176-4355-9281-694158E80B30}.ReleaseD3D12|x64.Build.0 = Release|x64
		{B878C07F-6176-4355-9281-694158E80B30}.ReleaseD3D12|x86.ActiveCfg = Release|x64
		{B878C07F-6176-4355-9281-694158E80B30}.ReleaseD3D12|x86.Build.0 = Release|x64
		{504D49B7-05AB-4EFB-954A-642A7A891350}.Debug|x64.ActiveCfg = Debug|x64
		{504D49B7-05AB-4EFB-954A-642A7A891350}.Debug|x64.Build.0 = Debug|x64
		{504D49B7-05AB-4EFB-954A-642A7A891350}.Debug|x86.ActiveCfg = Debug|x64
		{504D49B7-05AB-4EFB-954A-642A7A891350}.DebugD3D12|x64.ActiveCfg = Debug|x64
		{504D49B7-05AB-4EFB-954A-642A7A891350}.DebugD3D12|x64.Build.0 = Debug|x64
		{504D49B7-05AB-4EFB-954A-642A7A891350}.DebugD3D12|x86.ActiveCfg = Release|x64
		{504D49B7-05AB-4EFB-954A-642A7A891350}.DebugD3D12|x86.Build.0 = Release|x64
		{504D49B7-05AB-4EFB-954A-642A7A891350}.DebugVK|x64.ActiveCfg = Debug|x64
		{504D49B7-05AB-4EFB-954A-642A7A891350}.DebugVK|x86.ActiveCfg = Release|x64
		{504D49B7-05AB-4EFB-954A-642A7A891350}.DebugVK|x86.Build.0 = Release|x64
		{504D49B7-05AB-4EFB-954A-642A7A891350}.Release|x64.ActiveCfg = Release|x64
		{504D49B7-05AB-4EFB-954A-642A7A891350}.Release|x64.Build.0 = Release|x64
		{504D49B7-05AB-4EFB-954A-642A7A891350}.Release|x86.ActiveCfg = Release|x64
		{504D49B7-05AB-4EFB-954A-642A7A891350}.ReleaseD3D12|x64.ActiveCfg = Release|x64
		{504D49B7-05AB-4EFB-954A-642A7A891350}.ReleaseD3D12|x64.Build.0 = Release|x64
		{504D49B7-05AB-4EFB-954A-642A7A891350}.ReleaseD3D12|x86.ActiveCfg = Release|x64
		{504D49B7-05AB-4EFB-954A-642A7A891350}.ReleaseD3D12|x86.Build.0 = Release|x64
		{9C8C8DF2-6D73-403F-A5FD-74D549B925F1}.Debug|x64.ActiveCfg = Debug|x64
		{9C8C8DF2-6D73-403F-A5FD-74D549B925F1}.Debug|x64.Build.0 = Debug|x64
		{9C8C8DF2-6D73-403F-A5FD-74D549B925F1}.Debug|x86.ActiveCfg = Debug|x64
		{9C8C8DF2-6D73-403F-A5FD-74D549B925F1}.DebugD3D12|x64.ActiveCfg = Debug|x64
		{9C8C8DF2-6D73-403F-A5FD-74D549B925F1}.DebugD3D12|x64.Build.0 = Debug|x64
		{9C8C8DF2-6D73-403F-A5FD-74D549B925F1}.DebugD3D12|x86.ActiveCfg = Release|x64
		{9C8C8DF2-6D73-403F-A5FD-74D549B925F1}.DebugD3D12|x86.Build.0 = Release|x64
		{9C8C8DF2-6D73-403F-A5FD-74D549B925F1}.DebugVK|x64.ActiveCfg = Debug|x64
		{9C8C8DF2-6D73-403F-A5FD-74D549B925F1}.DebugVK|x64.Build.0 = Debug|x64
		{9C8C8DF2-6D73-403F-A5FD-74D549B925F1}.DebugVK|x86.ActiveCfg = Release|x64
		{9C8C8DF2-6D73-403F-A5FD-74D549B925F1}.DebugVK|x86.Build.0 = Release|x64
		{9C8C8DF2-6D73-403F-A5FD-74D549B925F1}.Release|x64.ActiveCfg = Release|x64
		{9C8C8DF2-6D73-403F-A5FD-74D549B925F1}.Release|x64.Build.0 = Release|x64
		{9C8C8DF2-6D73-403F-A5FD-74D549B925F1}.Release|x86.ActiveCfg = Release|x64
		{9C8C8DF2-6D73-403F-A5FD-74D549B925F1}.ReleaseD3D12|x64.ActiveCfg = Release|x64
		{9C8C8DF2-6D73-403F-A5FD-74D549B925F1}.ReleaseD3D12|x64.Build.0 = Release|x64
		{9C8C8DF2-6D73-403F-A5FD-74D549B925F1}.ReleaseD3D12|x86.ActiveCfg = Release|x64
		{9C8C8DF2-6D73-403F-A5FD-74D549B925F1}.ReleaseD3D12|x86.Build.0 = Release|x64
		{7648A841-C026-4E44-B828-8A524FC4F133}.Debug|x64.ActiveCfg = Debug|x64
		{7648A841-C026-4E44-B828-8A524FC4F133}.Debug|x64.Build.0 = Debug|x64
		{7648A841-C026-4E44-B828-8A524FC4F133}.Debug|x86.ActiveCfg = Debug|x64
		{7648A841-C026-4E44-B828-8A524FC4F133}.DebugD3D12|x64.ActiveCfg = Debug|x64
		{7648A841-C026-4E44-B828-8A524FC4F133}.DebugD3D12|x64.Build.0 = Debug|x64
		{7648A841-C026-4E44-B828-8A524FC4F133}.DebugD3D12|x86.ActiveCfg = Release|x64
		{7648A841-C026-4E44-B828-8A524FC4F133}.DebugD3D12|x86.Build.0 = Release|x64
		{7648A841-C026-4E44-B828-8A524FC4F133}.DebugVK|x64.ActiveCfg = Debug|x64
		{7648A841-C026-4E44-B828-8A524FC4F133}.DebugVK|x64.Build.0 = Debug|x64
		{7648A841-C026-4E44-B828-8A524FC4F133}.DebugVK|x86.ActiveCfg = Release|x64
		{7648A841-C026-4E44-B828-8A524FC4F133}.DebugVK|x86.Build.0 = Release|x64
		{7648A841-C026-4E44-B828-8A524FC4F133}.Release|x64.ActiveCfg = Release|x64
		{7648A841-C026-4E44-B828-8A524FC4F133}.Release|x64.Build.0 = Release|x64
		{7648A841-C026-4E44-B828-8A524FC4F133}.Release|x86.ActiveCfg = Release|x64
		{7648A841-C026-4E44-B828-8A524FC4F133}.ReleaseD3D12|x64.ActiveCfg = Release|x64
		{7648A841-C026-4E44-B828-8A524FC4F133}.ReleaseD3D12|x64.Build.0 = Release|x64
		{7648A841-C026-4E44-B828-8A524FC4F133}.ReleaseD3D12|x86.ActiveCfg = Release|x64
		{7648A841-C026-4E44-B828-8A524FC4F133}.ReleaseD3D12|x86.Build.0 = Release|x64
		{DA1CB58C-D697-485A-B749-9136C975D4C2}.Debug|x64.ActiveCfg = Debug|x64
		{DA1CB58C-D697-485A-B749-9136C975D4C2}.Debug|x64.Build.0 = Debug|x64
		{DA1CB58C-D697-485A-B749-9136C975D4C2}.Debug|x86.ActiveCfg = Debug|x64
		{DA1CB58C-D697-485A-B749-9136C975D4C2}.DebugD3D12|x64.ActiveCfg = Debug|x64
		{DA1CB58C-D697-485A-B749-9136C975D4C2}.DebugD3D12|x64.Build.0 = Debug|x64
		{DA1CB58C-D697-485A-B749-9136C975D4C2}.DebugD3D12|x86.ActiveCfg = Release|x64
		{DA1CB58C-D697-485A-B749-9136C975D4C2}.DebugD3D12|x86.Build.0 = Release|x64
		{DA1CB58C-D697-485A-B749-9136C975D4C2}.DebugVK|x64.ActiveCfg = Debug|x64
		{DA1CB58C-D697-485A-B749-9136C975D4C2}.DebugVK|x64.Build.0 = Debug|x64
		{DA1CB58C-D697-485A-B749-9136C975D4C2}.DebugVK|x86.ActiveCfg = Release|x64
		{DA1CB58C-D697-485A-B749-9136C975D4C2}.DebugVK|x86.Build.0 = Release|x64
		{DA1CB58C-D697-485A-B749-9136C975D4C2}.Release|x64.ActiveCfg = Release|x64
		{DA1CB58C-D697-485A-B749-9136C975D4C2}.Release|x64.Build.0 = Release|x64
		{DA1CB58C-D697-485A-B749-9136C975D4C2}.Release|x86.ActiveCfg = Release|x64
		{DA1CB58C-D697-485A-B749-9136C975D4C2}.ReleaseD3D12|x64.ActiveCfg = Release|x64
		{DA1CB58C-D697-485A-B749-9136C975D4C2}.ReleaseD3D12|x64.Build.0 = Release|x64
		{DA1CB58C-D697-485A-B749-9136C975D4C2}.ReleaseD3D12|x86.ActiveCfg = Release|x64
		{DA1CB58C-D697-485A-B749-9136C975D4C2}.ReleaseD3D12|x86.Build.0 = Release|x64
		{E7EDBE9C-4852-47FF-9D9C-11CF0F2CBE10}.Debug|x64.ActiveCfg = Debug|x64
		{E7EDBE9C-4852-47FF-9D9C-11CF0F2CBE10}.Debug|x64.Build.0 = Debug|x64
		{E7EDBE9C-4852-47FF-9D9C-11CF0F2CBE10}.Debug|x86.ActiveCfg = Debug|x64
		{E7EDBE9C-4852-47FF-9D9C-11CF0F2CBE10}.DebugD3D12|x64.ActiveCfg = Debug|x64
		{E7EDBE9C-4852-47FF-9D9C-11CF0F2CBE10}.DebugD3D12|x64.Build.0 = Debug|x64
		{E7EDBE9C-4852-47FF-9D9C-11CF0F2CBE10}.DebugD3D12|x86.ActiveCfg = Release|x64
		{E7EDBE9C-4852-47FF-9D9C-11CF0F2CBE10}.DebugD3D12|x86.Build.0 = Release|x64
		{E7EDBE9C-4852-47FF-9D9C-11CF0F2CBE10}.DebugVK|x64.ActiveCfg = Debug|x64
		{E7EDBE9C-4852-47FF-9D9C-11CF0F2CBE10}.DebugVK|x64.Build.0 = Debug|x64
		{E7EDBE9C-4852-47FF-9D9C-11CF0F2CBE10}.DebugVK|x86.ActiveCfg = Release|x64
		{E7EDBE9C-4852-47FF-9D9C-11CF0F2CBE10}.DebugVK|x86.Build.0 = Release|x64
		{E7EDBE9C-4852-47FF-9D9C-11CF0F2CBE10}.Release|x64.ActiveCfg = Release|x64
		{E7EDBE9C-4852-47FF-9D9C-11CF0F2CBE10}.Release|x64.Build.0 = Release|x64
		{E7EDBE9C-4852-47FF-9D9C-11CF0F2CBE10}.Release|x86.ActiveCfg = Release|x64
		{E7EDBE9C-4852-47FF-9D9C-11CF0F2CBE10}.ReleaseD3D12|x64.ActiveCfg = Release|x64
		{E7EDBE9C-4852-47FF-9D9C-11CF0F2CBE10}.ReleaseD3D12|x64.Build.0 = Release|x64
		{E7EDBE9C-4852-47FF-9D9C-11CF0F2CBE10}.ReleaseD3D12|x86.ActiveCfg = Release|x64
		{E7EDBE9C-4852-47FF-9D9C-11CF0F2CBE10}.ReleaseD3D12|x86.Build.0 = Release|x64
		{FA583C19-D561-4768-A3CD-1E8991294D1A}.Debug|x64.ActiveCfg = Debug|x64
		{FA583C19-D561-4768-A3CD-1E8991294D1A}.Debug|x64.Build.0 = Debug|x64
		{FA583C19-D561-4768-A3CD-1E8991294D1A}.Debug|x86.ActiveCfg = Debug|x64
		{FA583C19-D561-4768-A3CD-1E8991294D1A}.DebugD3D12|x64.ActiveCfg = Debug|x64
		{FA583C19-D561-4768-A3CD-1E8991294D1A}.DebugD3D12|x64.Build.0 = Debug|x64
		{FA583C19-D561-4768-A3CD-1E8991294D1A}.DebugD3D12|x86.ActiveCfg = Release|x64
		{FA583C19-D561-4768-A3CD-1E8991294D1A}.DebugD3D12|x86.Build.0 = Release|x64
		{FA583C19-D561-4768-A3CD-1E8991294D1A}.DebugVK|x64.ActiveCfg = Debug|x64
		{FA583C19-D561-4768-A3CD-1E8991294D1A}.DebugVK|x64.Build.0 = Debug|x64
		{FA583C19-D561-4768-A3CD-1E8991294D1A}.DebugVK|x86.ActiveCfg = Release|x64
		{FA583C19-D561-4768-A3CD-1E8991294D1A}.DebugVK|x86.Build.0 = Release|x64
		{FA583C19-D561-4768-A3CD-1E8991294D1A}.Release|x64.ActiveCfg = Release|x64
		{FA583C19-D561-4768-A3CD-1E8991294D1A}.Release|x64.Build.0 = Release|x64
		{FA583C19-D561-4768-A3CD-1E8991294D1A}.Release|x86.ActiveCfg = Release|x64
		{FA583C19-D561-4768-A3CD-1E8991294D1A}.ReleaseD3D12|x64.ActiveCfg = Release|x64
		{FA583C19-D561-4768-A3CD-1E8991294D1A}.ReleaseD3D12|x64.Build.0 = Release|x64
		{FA583C19-D561-4768-A3CD-1E8991294D1A}.ReleaseD3D12|x86.ActiveCfg = Release|x64
		{FA583C19-D561-4768-A3CD-1E8991294D1A}.ReleaseD3D12|x86.Build.0 = Release|x64
	EndGlobalSection
	GlobalSection(SolutionProperties) = preSolution
		HideSolutionNode = FALSE
	EndGlobalSection
	GlobalSection(NestedProjects) = preSolution
		{0ABDD59E-937B-41FF-B78A-7F47CBCCA387} = {350A0B15-98C0-45E3-872B-4FEFB47AA37C}
		{6B527E70-C2C6-4C87-BB7D-E1154F6A6FEF} = {D16038A7-B031-4181-B4A1-2C416C02330C}
		{081FD8DE-6C92-4CDC-84AD-C514F7E83F93} = {D16038A7-B031-4181-B4A1-2C416C02330C}
		{B219C161-94D2-4DCB-A75D-E6A0906F534D} = {D16038A7-B031-4181-B4A1-2C416C02330C}
		{DAE949BD-2C44-40DA-A592-7CCAB00D4A7D} = {D16038A7-B031-4181-B4A1-2C416C02330C}
		{CA155B01-7528-4D81-B5CD-E801B4AA4027} = {D16038A7-B031-4181-B4A1-2C416C02330C}
		{FF7FE9B8-2ACE-4044-869D-A5C4EF8042D3} = {D16038A7-B031-4181-B4A1-2C416C02330C}
		{80DDDE59-A412-4E64-880A-6B52697C967B} = {D16038A7-B031-4181-B4A1-2C416C02330C}
		{691F64DD-0941-49DE-B52E-949341192154} = {D16038A7-B031-4181-B4A1-2C416C02330C}
		{6CC70B9F-CA56-4EF2-8075-A1BE0005DCF4} = {D16038A7-B031-4181-B4A1-2C416C02330C}
		{8ECC586D-1F5E-46D4-82BB-28044E6D67A2} = {D16038A7-B031-4181-B4A1-2C416C02330C}
		{52CB6295-6163-49B8-B3B6-8A6140E0479D} = {D16038A7-B031-4181-B4A1-2C416C02330C}
		{C6EB0AC0-FF3B-474E-A453-44D84329D13A} = {D16038A7-B031-4181-B4A1-2C416C02330C}
		{E58DB0ED-58CD-4724-91EA-99419084CB3A} = {D16038A7-B031-4181-B4A1-2C416C02330C}
		{BCA3CCD2-6118-4821-BF30-23B725B0C230} = {D16038A7-B031-4181-B4A1-2C416C02330C}
		{15770768-65FC-4889-A34B-3CC27CC452BC} = {D16038A7-B031-4181-B4A1-2C416C02330C}
		{730AA5B9-7DDB-40AF-A882-EB39B9D3AC7C} = {D16038A7-B031-4181-B4A1-2C416C02330C}
		{C028BF86-8F34-42C2-84DA-4CBE1CF783FE} = {D16038A7-B031-4181-B4A1-2C416C02330C}
		{8CE33F5F-CFB9-4B25-9298-990DAE982991} = {D16038A7-B031-4181-B4A1-2C416C02330C}
		{E92137D5-B374-4216-9A96-6AD67965B2EE} = {D16038A7-B031-4181-B4A1-2C416C02330C}
		{E484AEEC-ED88-408E-ADA5-66DF6301D75B} = {D16038A7-B031-4181-B4A1-2C416C02330C}
		{873F13CA-A9C7-47BA-857D-8848C5E7F07E} = {D16038A7-B031-4181-B4A1-2C416C02330C}
		{431C3127-E613-424C-B964-FB53DAA87789} = {D16038A7-B031-4181-B4A1-2C416C02330C}
		{A2CB8652-26CA-482A-B3C7-F5EE74FC3481} = {D16038A7-B031-4181-B4A1-2C416C02330C}
		{123F0D99-34D2-4A01-8AA1-6618DDEDE028} = {D16038A7-B031-4181-B4A1-2C416C02330C}
		{B1715F7A-6EFD-4910-B271-7423AB6961CB} = {D16038A7-B031-4181-B4A1-2C416C02330C}
		{E943EAF7-078A-4417-87D9-B63C77840596} = {D16038A7-B031-4181-B4A1-2C416C02330C}
		{B878C07F-6176-4355-9281-694158E80B30} = {D16038A7-B031-4181-B4A1-2C416C02330C}
		{504D49B7-05AB-4EFB-954A-642A7A891350} = {D16038A7-B031-4181-B4A1-2C416C02330C}
		{9C8C8DF2-6D73-403F-A5FD-74D549B925F1} = {D16038A7-B031-4181-B4A1-2C416C02330C}
		{7648A841-C026-4E44-B828-8A524FC4F133} = {D16038A7-B031-4181-B4A1-2C416C02330C}
		{DA1CB58C-D697-485A-B749-9136C975D4C2} = {D16038A7-B031-4181-B4A1-2C416C02330C}
		{E7EDBE9C-4852-47FF-9D9C-11CF0F2CBE10} = {D16038A7-B031-4181-B4A1-2C416C02330C}
		{FA583C19-D561-4768-A3CD-1E8991294D1A} = {D16038A7-B031-4181-B4A1-2C416C02330C}
	EndGlobalSection
	GlobalSection(ExtensibilityGlobals) = postSolution
		SolutionGuid = {357B2AE0-FE30-4AC6-8D41-B580232BC0DE}
	EndGlobalSection
EndGlobal
